
Microsoft Visual Studio Solution File, Format Version 12.00
# Visual Studio 15
VisualStudioVersion = 15.0.28307.960
MinimumVisualStudioVersion = 10.0.40219.1
Project("{FAE04EC0-301F-11D3-BF4B-00C04F79EFBC}") = "ConsoleApp15", "ConsoleApp15\ConsoleApp15.csproj", "{B696B19B-F452-4DED-A5C5-4677AC203306}"
EndProject
Global
	GlobalSection(SolutionConfigurationPlatforms) = preSolution
		Debug|Any CPU = Debug|Any CPU
		Release|Any CPU = Release|Any CPU
	EndGlobalSection
	GlobalSection(ProjectConfigurationPlatforms) = postSolution
		{B696B19B-F452-4DED-A5C5-4677AC203306}.Debug|Any CPU.ActiveCfg = Debug|Any CPU
		{B696B19B-F452-4DED-A5C5-4677AC203306}.Debug|Any CPU.Build.0 = Debug|Any CPU
		{B696B19B-F452-4DED-A5C5-4677AC203306}.Release|Any CPU.ActiveCfg = Release|Any CPU
		{B696B19B-F452-4DED-A5C5-4677AC203306}.Release|Any CPU.Build.0 = Release|Any CPU
	EndGlobalSection
	GlobalSection(SolutionProperties) = preSolution
		HideSolutionNode = FALSE
	EndGlobalSection
	GlobalSection(ExtensibilityGlobals) = postSolution
		SolutionGuid = {2FA79083-22FA-465D-8F79-1021C93B942C}
	EndGlobalSection
EndGlobal
